// !$*UTF8*$!
{
	archiveVersion = 1;
	classes = {
	};
	objectVersion = 77;
	objects = {

/* Begin PBXBuildFile section */
		83BE44272DBF478D005C700E /* Record+CoreDataProperties.swift in Sources */ = {isa = PBXBuildFile; fileRef = 83BE44262DBF478D005C700E /* Record+CoreDataProperties.swift */; };
		83BE44282DBF478D005C700E /* Record+CoreDataClass.swift in Sources */ = {isa = PBXBuildFile; fileRef = 83BE44252DBF478D005C700E /* Record+CoreDataClass.swift */; };
/* End PBXBuildFile section */

/* Begin PBXContainerItemProxy section */
		83C5FFD12DBF3CF6005EB195 /* PBXContainerItemProxy */ = {
			isa = PBXContainerItemProxy;
			containerPortal = 83C5FFB22DBF3CF4005EB195 /* Project object */;
			proxyType = 1;
			remoteGlobalIDString = 83C5FFB92DBF3CF4005EB195;
			remoteInfo = myAcBook;
		};
		83C5FFDB2DBF3CF6005EB195 /* PBXContainerItemProxy */ = {
			isa = PBXContainerItemProxy;
			containerPortal = 83C5FFB22DBF3CF4005EB195 /* Project object */;
			proxyType = 1;
			remoteGlobalIDString = 83C5FFB92DBF3CF4005EB195;
			remoteInfo = myAcBook;
		};
/* End PBXContainerItemProxy section */

/* Begin PBXFileReference section */
		83BD60D82DC4AE2000BAAA4D /* Info.plist */ = {isa = PBXFileReference; lastKnownFileType = text.plist.xml; path = Info.plist; sourceTree = "<group>"; };
		83BE44252DBF478D005C700E /* Record+CoreDataClass.swift */ = {isa = PBXFileReference; lastKnownFileType = sourcecode.swift; path = "Record+CoreDataClass.swift"; sourceTree = "<group>"; };
		83BE44262DBF478D005C700E /* Record+CoreDataProperties.swift */ = {isa = PBXFileReference; lastKnownFileType = sourcecode.swift; path = "Record+CoreDataProperties.swift"; sourceTree = "<group>"; };
		83C5FFBA2DBF3CF4005EB195 /* myAcBook.app */ = {isa = PBXFileReference; explicitFileType = wrapper.application; includeInIndex = 0; path = myAcBook.app; sourceTree = BUILT_PRODUCTS_DIR; };
		83C5FFD02DBF3CF6005EB195 /* myAcBookTests.xctest */ = {isa = PBXFileReference; explicitFileType = wrapper.cfbundle; includeInIndex = 0; path = myAcBookTests.xctest; sourceTree = BUILT_PRODUCTS_DIR; };
		83C5FFDA2DBF3CF6005EB195 /* myAcBookUITests.xctest */ = {isa = PBXFileReference; explicitFileType = wrapper.cfbundle; includeInIndex = 0; path = myAcBookUITests.xctest; sourceTree = BUILT_PRODUCTS_DIR; };
/* End PBXFileReference section */

/* Begin PBXFileSystemSynchronizedRootGroup section */
		83C5FFBC2DBF3CF4005EB195 /* myAcBook */ = {
			isa = PBXFileSystemSynchronizedRootGroup;
			path = myAcBook;
			sourceTree = "<group>";
		};
		83C5FFD32DBF3CF6005EB195 /* myAcBookTests */ = {
			isa = PBXFileSystemSynchronizedRootGroup;
			path = myAcBookTests;
			sourceTree = "<group>";
		};
		83C5FFDD2DBF3CF6005EB195 /* myAcBookUITests */ = {
			isa = PBXFileSystemSynchronizedRootGroup;
			path = myAcBookUITests;
			sourceTree = "<group>";
		};
/* End PBXFileSystemSynchronizedRootGroup section */

/* Begin PBXFrameworksBuildPhase section */
		83C5FFB72DBF3CF4005EB195 /* Frameworks */ = {
			isa = PBXFrameworksBuildPhase;
			buildActionMask = 2147483647;
			files = (
			);
			runOnlyForDeploymentPostprocessing = 0;
		};
		83C5FFCD2DBF3CF6005EB195 /* Frameworks */ = {
			isa = PBXFrameworksBuildPhase;
			buildActionMask = 2147483647;
			files = (
			);
			runOnlyForDeploymentPostprocessing = 0;
		};
		83C5FFD72DBF3CF6005EB195 /* Frameworks */ = {
			isa = PBXFrameworksBuildPhase;
			buildActionMask = 2147483647;
			files = (
			);
			runOnlyForDeploymentPostprocessing = 0;
		};
/* End PBXFrameworksBuildPhase section */

/* Begin PBXGroup section */
		83C5FFB12DBF3CF4005EB195 = {
			isa = PBXGroup;
			children = (
				83BD60D82DC4AE2000BAAA4D /* Info.plist */,
				83BE44252DBF478D005C700E /* Record+CoreDataClass.swift */,
				83BE44262DBF478D005C700E /* Record+CoreDataProperties.swift */,
				83C5FFBC2DBF3CF4005EB195 /* myAcBook */,
				83C5FFD32DBF3CF6005EB195 /* myAcBookTests */,
				83C5FFDD2DBF3CF6005EB195 /* myAcBookUITests */,
				83C5FFBB2DBF3CF4005EB195 /* Products */,
			);
			sourceTree = "<group>";
		};
		83C5FFBB2DBF3CF4005EB195 /* Products */ = {
			isa = PBXGroup;
			children = (
				83C5FFBA2DBF3CF4005EB195 /* myAcBook.app */,
				83C5FFD02DBF3CF6005EB195 /* myAcBookTests.xctest */,
				83C5FFDA2DBF3CF6005EB195 /* myAcBookUITests.xctest */,
			);
			name = Products;
			sourceTree = "<group>";
		};
/* End PBXGroup section */

/* Begin PBXNativeTarget section */
		83C5FFB92DBF3CF4005EB195 /* myAcBook */ = {
			isa = PBXNativeTarget;
			buildConfigurationList = 83C5FFE42DBF3CF6005EB195 /* Build configuration list for PBXNativeTarget "myAcBook" */;
			buildPhases = (
				83C5FFB62DBF3CF4005EB195 /* Sources */,
				83C5FFB72DBF3CF4005EB195 /* Frameworks */,
				83C5FFB82DBF3CF4005EB195 /* Resources */,
			);
			buildRules = (
			);
			dependencies = (
			);
			fileSystemSynchronizedGroups = (
				83C5FFBC2DBF3CF4005EB195 /* myAcBook */,
			);
			name = myAcBook;
			packageProductDependencies = (
			);
			productName = myAcBook;
			productReference = 83C5FFBA2DBF3CF4005EB195 /* myAcBook.app */;
			productType = "com.apple.product-type.application";
		};
		83C5FFCF2DBF3CF6005EB195 /* myAcBookTests */ = {
			isa = PBXNativeTarget;
			buildConfigurationList = 83C5FFE72DBF3CF6005EB195 /* Build configuration list for PBXNativeTarget "myAcBookTests" */;
			buildPhases = (
				83C5FFCC2DBF3CF6005EB195 /* Sources */,
				83C5FFCD2DBF3CF6005EB195 /* Frameworks */,
				83C5FFCE2DBF3CF6005EB195 /* Resources */,
			);
			buildRules = (
			);
			dependencies = (
				83C5FFD22DBF3CF6005EB195 /* PBXTargetDependency */,
			);
			fileSystemSynchronizedGroups = (
				83C5FFD32DBF3CF6005EB195 /* myAcBookTests */,
			);
			name = myAcBookTests;
			packageProductDependencies = (
			);
			productName = myAcBookTests;
			productReference = 83C5FFD02DBF3CF6005EB195 /* myAcBookTests.xctest */;
			productType = "com.apple.product-type.bundle.unit-test";
		};
		83C5FFD92DBF3CF6005EB195 /* myAcBookUITests */ = {
			isa = PBXNativeTarget;
			buildConfigurationList = 83C5FFEA2DBF3CF6005EB195 /* Build configuration list for PBXNativeTarget "myAcBookUITests" */;
			buildPhases = (
				83C5FFD62DBF3CF6005EB195 /* Sources */,
				83C5FFD72DBF3CF6005EB195 /* Frameworks */,
				83C5FFD82DBF3CF6005EB195 /* Resources */,
			);
			buildRules = (
			);
			dependencies = (
				83C5FFDC2DBF3CF6005EB195 /* PBXTargetDependency */,
			);
			fileSystemSynchronizedGroups = (
				83C5FFDD2DBF3CF6005EB195 /* myAcBookUITests */,
			);
			name = myAcBookUITests;
			packageProductDependencies = (
			);
			productName = myAcBookUITests;
			productReference = 83C5FFDA2DBF3CF6005EB195 /* myAcBookUITests.xctest */;
			productType = "com.apple.product-type.bundle.ui-testing";
		};
/* End PBXNativeTarget section */

/* Begin PBXProject section */
		83C5FFB22DBF3CF4005EB195 /* Project object */ = {
			isa = PBXProject;
			attributes = {
				BuildIndependentTargetsInParallel = 1;
				LastSwiftUpdateCheck = 1600;
				LastUpgradeCheck = 1600;
				TargetAttributes = {
					83C5FFB92DBF3CF4005EB195 = {
						CreatedOnToolsVersion = 16.0;
					};
					83C5FFCF2DBF3CF6005EB195 = {
						CreatedOnToolsVersion = 16.0;
						TestTargetID = 83C5FFB92DBF3CF4005EB195;
					};
					83C5FFD92DBF3CF6005EB195 = {
						CreatedOnToolsVersion = 16.0;
						TestTargetID = 83C5FFB92DBF3CF4005EB195;
					};
				};
			};
			buildConfigurationList = 83C5FFB52DBF3CF4005EB195 /* Build configuration list for PBXProject "myAcBook" */;
			developmentRegion = en;
			hasScannedForEncodings = 0;
			knownRegions = (
				en,
				Base,
			);
			mainGroup = 83C5FFB12DBF3CF4005EB195;
			minimizedProjectReferenceProxies = 1;
			preferredProjectObjectVersion = 77;
			productRefGroup = 83C5FFBB2DBF3CF4005EB195 /* Products */;
			projectDirPath = "";
			projectRoot = "";
			targets = (
				83C5FFB92DBF3CF4005EB195 /* myAcBook */,
				83C5FFCF2DBF3CF6005EB195 /* myAcBookTests */,
				83C5FFD92DBF3CF6005EB195 /* myAcBookUITests */,
			);
		};
/* End PBXProject section */

/* Begin PBXResourcesBuildPhase section */
		83C5FFB82DBF3CF4005EB195 /* Resources */ = {
			isa = PBXResourcesBuildPhase;
			buildActionMask = 2147483647;
			files = (
			);
			runOnlyForDeploymentPostprocessing = 0;
		};
		83C5FFCE2DBF3CF6005EB195 /* Resources */ = {
			isa = PBXResourcesBuildPhase;
			buildActionMask = 2147483647;
			files = (
			);
			runOnlyForDeploymentPostprocessing = 0;
		};
		83C5FFD82DBF3CF6005EB195 /* Resources */ = {
			isa = PBXResourcesBuildPhase;
			buildActionMask = 2147483647;
			files = (
			);
			runOnlyForDeploymentPostprocessing = 0;
		};
/* End PBXResourcesBuildPhase section */

/* Begin PBXSourcesBuildPhase section */
		83C5FFB62DBF3CF4005EB195 /* Sources */ = {
			isa = PBXSourcesBuildPhase;
			buildActionMask = 2147483647;
			files = (
				83BE44272DBF478D005C700E /* Record+CoreDataProperties.swift in Sources */,
				83BE44282DBF478D005C700E /* Record+CoreDataClass.swift in Sources */,
			);
			runOnlyForDeploymentPostprocessing = 0;
		};
		83C5FFCC2DBF3CF6005EB195 /* Sources */ = {
			isa = PBXSourcesBuildPhase;
			buildActionMask = 2147483647;
			files = (
			);
			runOnlyForDeploymentPostprocessing = 0;
		};
		83C5FFD62DBF3CF6005EB195 /* Sources */ = {
			isa = PBXSourcesBuildPhase;
			buildActionMask = 2147483647;
			files = (
			);
			runOnlyForDeploymentPostprocessing = 0;
		};
/* End PBXSourcesBuildPhase section */

/* Begin PBXTargetDependency section */
		83C5FFD22DBF3CF6005EB195 /* PBXTargetDependency */ = {
			isa = PBXTargetDependency;
			target = 83C5FFB92DBF3CF4005EB195 /* myAcBook */;
			targetProxy = 83C5FFD12DBF3CF6005EB195 /* PBXContainerItemProxy */;
		};
		83C5FFDC2DBF3CF6005EB195 /* PBXTargetDependency */ = {
			isa = PBXTargetDependency;
			target = 83C5FFB92DBF3CF4005EB195 /* myAcBook */;
			targetProxy = 83C5FFDB2DBF3CF6005EB195 /* PBXContainerItemProxy */;
		};
/* End PBXTargetDependency section */

/* Begin XCBuildConfiguration section */
		83C5FFE22DBF3CF6005EB195 /* Debug */ = {
			isa = XCBuildConfiguration;
			buildSettings = {
				ALWAYS_SEARCH_USER_PATHS = NO;
				ASSETCATALOG_COMPILER_GENERATE_SWIFT_ASSET_SYMBOL_EXTENSIONS = YES;
				CLANG_ANALYZER_NONNULL = YES;
				CLANG_ANALYZER_NUMBER_OBJECT_CONVERSION = YES_AGGRESSIVE;
				CLANG_CXX_LANGUAGE_STANDARD = "gnu++20";
				CLANG_ENABLE_MODULES = YES;
				CLANG_ENABLE_OBJC_ARC = YES;
				CLANG_ENABLE_OBJC_WEAK = YES;
				CLANG_WARN_BLOCK_CAPTURE_AUTORELEASING = YES;
				CLANG_WARN_BOOL_CONVERSION = YES;
				CLANG_WARN_COMMA = YES;
				CLANG_WARN_CONSTANT_CONVERSION = YES;
				CLANG_WARN_DEPRECATED_OBJC_IMPLEMENTATIONS = YES;
				CLANG_WARN_DIRECT_OBJC_ISA_USAGE = YES_ERROR;
				CLANG_WARN_DOCUMENTATION_COMMENTS = YES;
				CLANG_WARN_EMPTY_BODY = YES;
				CLANG_WARN_ENUM_CONVERSION = YES;
				CLANG_WARN_INFINITE_RECURSION = YES;
				CLANG_WARN_INT_CONVERSION = YES;
				CLANG_WARN_NON_LITERAL_NULL_CONVERSION = YES;
				CLANG_WARN_OBJC_IMPLICIT_RETAIN_SELF = YES;
				CLANG_WARN_OBJC_LITERAL_CONVERSION = YES;
				CLANG_WARN_OBJC_ROOT_CLASS = YES_ERROR;
				CLANG_WARN_QUOTED_INCLUDE_IN_FRAMEWORK_HEADER = YES;
				CLANG_WARN_RANGE_LOOP_ANALYSIS = YES;
				CLANG_WARN_STRICT_PROTOTYPES = YES;
				CLANG_WARN_SUSPICIOUS_MOVE = YES;
				CLANG_WARN_UNGUARDED_AVAILABILITY = YES_AGGRESSIVE;
				CLANG_WARN_UNREACHABLE_CODE = YES;
				CLANG_WARN__DUPLICATE_METHOD_MATCH = YES;
				COPY_PHASE_STRIP = NO;
				DEBUG_INFORMATION_FORMAT = dwarf;
				ENABLE_STRICT_OBJC_MSGSEND = YES;
				ENABLE_TESTABILITY = YES;
				ENABLE_USER_SCRIPT_SANDBOXING = YES;
				GCC_C_LANGUAGE_STANDARD = gnu17;
				GCC_DYNAMIC_NO_PIC = NO;
				GCC_NO_COMMON_BLOCKS = YES;
				GCC_OPTIMIZATION_LEVEL = 0;
				GCC_PREPROCESSOR_DEFINITIONS = (
					"DEBUG=1",
					"$(inherited)",
				);
				GCC_WARN_64_TO_32_BIT_CONVERSION = YES;
				GCC_WARN_ABOUT_RETURN_TYPE = YES_ERROR;
				GCC_WARN_UNDECLARED_SELECTOR = YES;
				GCC_WARN_UNINITIALIZED_AUTOS = YES_AGGRESSIVE;
				GCC_WARN_UNUSED_FUNCTION = YES;
				GCC_WARN_UNUSED_VARIABLE = YES;
				LOCALIZATION_PREFERS_STRING_CATALOGS = YES;
				MTL_ENABLE_DEBUG_INFO = INCLUDE_SOURCE;
				MTL_FAST_MATH = YES;
				ONLY_ACTIVE_ARCH = YES;
				SWIFT_ACTIVE_COMPILATION_CONDITIONS = "DEBUG $(inherited)";
				SWIFT_OPTIMIZATION_LEVEL = "-Onone";
			};
			name = Debug;
		};
		83C5FFE32DBF3CF6005EB195 /* Release */ = {
			isa = XCBuildConfiguration;
			buildSettings = {
				ALWAYS_SEARCH_USER_PATHS = NO;
				ASSETCATALOG_COMPILER_GENERATE_SWIFT_ASSET_SYMBOL_EXTENSIONS = YES;
				CLANG_ANALYZER_NONNULL = YES;
				CLANG_ANALYZER_NUMBER_OBJECT_CONVERSION = YES_AGGRESSIVE;
				CLANG_CXX_LANGUAGE_STANDARD = "gnu++20";
				CLANG_ENABLE_MODULES = YES;
				CLANG_ENABLE_OBJC_ARC = YES;
				CLANG_ENABLE_OBJC_WEAK = YES;
				CLANG_WARN_BLOCK_CAPTURE_AUTORELEASING = YES;
				CLANG_WARN_BOOL_CONVERSION = YES;
				CLANG_WARN_COMMA = YES;
				CLANG_WARN_CONSTANT_CONVERSION = YES;
				CLANG_WARN_DEPRECATED_OBJC_IMPLEMENTATIONS = YES;
				CLANG_WARN_DIRECT_OBJC_ISA_USAGE = YES_ERROR;
				CLANG_WARN_DOCUMENTATION_COMMENTS = YES;
				CLANG_WARN_EMPTY_BODY = YES;
				CLANG_WARN_ENUM_CONVERSION = YES;
				CLANG_WARN_INFINITE_RECURSION = YES;
				CLANG_WARN_INT_CONVERSION = YES;
				CLANG_WARN_NON_LITERAL_NULL_CONVERSION = YES;
				CLANG_WARN_OBJC_IMPLICIT_RETAIN_SELF = YES;
				CLANG_WARN_OBJC_LITERAL_CONVERSION = YES;
				CLANG_WARN_OBJC_ROOT_CLASS = YES_ERROR;
				CLANG_WARN_QUOTED_INCLUDE_IN_FRAMEWORK_HEADER = YES;
				CLANG_WARN_RANGE_LOOP_ANALYSIS = YES;
				CLANG_WARN_STRICT_PROTOTYPES = YES;
				CLANG_WARN_SUSPICIOUS_MOVE = YES;
				CLANG_WARN_UNGUARDED_AVAILABILITY = YES_AGGRESSIVE;
				CLANG_WARN_UNREACHABLE_CODE = YES;
				CLANG_WARN__DUPLICATE_METHOD_MATCH = YES;
				COPY_PHASE_STRIP = NO;
				DEBUG_INFORMATION_FORMAT = "dwarf-with-dsym";
				ENABLE_NS_ASSERTIONS = NO;
				ENABLE_STRICT_OBJC_MSGSEND = YES;
				ENABLE_USER_SCRIPT_SANDBOXING = YES;
				GCC_C_LANGUAGE_STANDARD = gnu17;
				GCC_NO_COMMON_BLOCKS = YES;
				GCC_WARN_64_TO_32_BIT_CONVERSION = YES;
				GCC_WARN_ABOUT_RETURN_TYPE = YES_ERROR;
				GCC_WARN_UNDECLARED_SELECTOR = YES;
				GCC_WARN_UNINITIALIZED_AUTOS = YES_AGGRESSIVE;
				GCC_WARN_UNUSED_FUNCTION = YES;
				GCC_WARN_UNUSED_VARIABLE = YES;
				LOCALIZATION_PREFERS_STRING_CATALOGS = YES;
				MTL_ENABLE_DEBUG_INFO = NO;
				MTL_FAST_MATH = YES;
				SWIFT_COMPILATION_MODE = wholemodule;
			};
			name = Release;
		};
		83C5FFE52DBF3CF6005EB195 /* Debug */ = {
			isa = XCBuildConfiguration;
			buildSettings = {
				ASSETCATALOG_COMPILER_APPICON_NAME = AppIcon;
				ASSETCATALOG_COMPILER_GLOBAL_ACCENT_COLOR_NAME = AccentColor;
				CODE_SIGN_ENTITLEMENTS = myAcBook/myAcBook.entitlements;
				CODE_SIGN_STYLE = Automatic;
				CURRENT_PROJECT_VERSION = 1;
				DEVELOPMENT_ASSET_PATHS = "\"myAcBook/Preview Content\"";
				DEVELOPMENT_TEAM = 4587GKBB5N;
				ENABLE_HARDENED_RUNTIME = YES;
				ENABLE_PREVIEWS = YES;
				GENERATE_INFOPLIST_FILE = YES;
				"INFOPLIST_KEY_UIApplicationSceneManifest_Generation[sdk=iphoneos*]" = YES;
				"INFOPLIST_KEY_UIApplicationSceneManifest_Generation[sdk=iphonesimulator*]" = YES;
				"INFOPLIST_KEY_UIApplicationSupportsIndirectInputEvents[sdk=iphoneos*]" = YES;
				"INFOPLIST_KEY_UIApplicationSupportsIndirectInputEvents[sdk=iphonesimulator*]" = YES;
				"INFOPLIST_KEY_UILaunchScreen_Generation[sdk=iphoneos*]" = YES;
				"INFOPLIST_KEY_UILaunchScreen_Generation[sdk=iphonesimulator*]" = YES;
				"INFOPLIST_KEY_UIStatusBarStyle[sdk=iphoneos*]" = UIStatusBarStyleDefault;
				"INFOPLIST_KEY_UIStatusBarStyle[sdk=iphonesimulator*]" = UIStatusBarStyleDefault;
				INFOPLIST_KEY_UISupportedInterfaceOrientations_iPad = "UIInterfaceOrientationPortrait UIInterfaceOrientationPortraitUpsideDown UIInterfaceOrientationLandscapeLeft UIInterfaceOrientationLandscapeRight";
				INFOPLIST_KEY_UISupportedInterfaceOrientations_iPhone = "UIInterfaceOrientationPortrait UIInterfaceOrientationLandscapeLeft UIInterfaceOrientationLandscapeRight";
				IPHONEOS_DEPLOYMENT_TARGET = 18.0;
				LD_RUNPATH_SEARCH_PATHS = "@executable_path/Frameworks";
				"LD_RUNPATH_SEARCH_PATHS[sdk=macosx*]" = "@executable_path/../Frameworks";
				MACOSX_DEPLOYMENT_TARGET = 15.0;
				MARKETING_VERSION = 1.0;
				PRODUCT_BUNDLE_IDENTIFIER = com.han.myAcBook;
				PRODUCT_NAME = "$(TARGET_NAME)";
				SDKROOT = auto;
				SUPPORTED_PLATFORMS = "iphoneos iphonesimulator macosx xros xrsimulator";
				SWIFT_EMIT_LOC_STRINGS = YES;
				SWIFT_VERSION = 5.0;
				TARGETED_DEVICE_FAMILY = "1,2,7";
				XROS_DEPLOYMENT_TARGET = 2.0;
			};
			name = Debug;
		};
		83C5FFE62DBF3CF6005EB195 /* Release */ = {
			isa = XCBuildConfiguration;
			buildSettings = {
				ASSETCATALOG_COMPILER_APPICON_NAME = AppIcon;
				ASSETCATALOG_COMPILER_GLOBAL_ACCENT_COLOR_NAME = AccentColor;
				CODE_SIGN_ENTITLEMENTS = myAcBook/myAcBook.entitlements;
				CODE_SIGN_STYLE = Automatic;
				CURRENT_PROJECT_VERSION = 1;
				DEVELOPMENT_ASSET_PATHS = "\"myAcBook/Preview Content\"";
				DEVELOPMENT_TEAM = 4587GKBB5N;
				ENABLE_HARDENED_RUNTIME = YES;
				ENABLE_PREVIEWS = YES;
				GENERATE_INFOPLIST_FILE = YES;
				"INFOPLIST_KEY_UIApplicationSceneManifest_Generation[sdk=iphoneos*]" = YES;
				"INFOPLIST_KEY_UIApplicationSceneManifest_Generation[sdk=iphonesimulator*]" = YES;
				"INFOPLIST_KEY_UIApplicationSupportsIndirectInputEvents[sdk=iphoneos*]" = YES;
				"INFOPLIST_KEY_UIApplicationSupportsIndirectInputEvents[sdk=iphonesimulator*]" = YES;
				"INFOPLIST_KEY_UILaunchScreen_Generation[sdk=iphoneos*]" = YES;
				"INFOPLIST_KEY_UILaunchScreen_Generation[sdk=iphonesimulator*]" = YES;
				"INFOPLIST_KEY_UIStatusBarStyle[sdk=iphoneos*]" = UIStatusBarStyleDefault;
				"INFOPLIST_KEY_UIStatusBarStyle[sdk=iphonesimulator*]" = UIStatusBarStyleDefault;
				INFOPLIST_KEY_UISupportedInterfaceOrientations_iPad = "UIInterfaceOrientationPortrait UIInterfaceOrientationPortraitUpsideDown UIInterfaceOrientationLandscapeLeft UIInterfaceOrientationLandscapeRight";
				INFOPLIST_KEY_UISupportedInterfaceOrientations_iPhone = "UIInterfaceOrientationPortrait UIInterfaceOrientationLandscapeLeft UIInterfaceOrientationLandscapeRight";
				IPHONEOS_DEPLOYMENT_TARGET = 18.0;
				LD_RUNPATH_SEARCH_PATHS = "@executable_path/Frameworks";
				"LD_RUNPATH_SEARCH_PATHS[sdk=macosx*]" = "@executable_path/../Frameworks";
				MACOSX_DEPLOYMENT_TARGET = 15.0;
				MARKETING_VERSION = 1.0;
				PRODUCT_BUNDLE_IDENTIFIER = com.han.myAcBook;
				PRODUCT_NAME = "$(TARGET_NAME)";
				SDKROOT = auto;
				SUPPORTED_PLATFORMS = "iphoneos iphonesimulator macosx xros xrsimulator";
				SWIFT_EMIT_LOC_STRINGS = YES;
				SWIFT_VERSION = 5.0;
				TARGETED_DEVICE_FAMILY = "1,2,7";
				XROS_DEPLOYMENT_TARGET = 2.0;
			};
			name = Release;
		};
		83C5FFE82DBF3CF6005EB195 /* Debug */ = {
			isa = XCBuildConfiguration;
			buildSettings = {
				BUNDLE_LOADER = "$(TEST_HOST)";
				CODE_SIGN_STYLE = Automatic;
				CURRENT_PROJECT_VERSION = 1;
				DEVELOPMENT_TEAM = 4587GKBB5N;
				GENERATE_INFOPLIST_FILE = YES;
				IPHONEOS_DEPLOYMENT_TARGET = 18.0;
				MACOSX_DEPLOYMENT_TARGET = 15.0;
				MARKETING_VERSION = 1.0;
				PRODUCT_BUNDLE_IDENTIFIER = com.han.myAcBookTests;
				PRODUCT_NAME = "$(TARGET_NAME)";
				SDKROOT = auto;
				SUPPORTED_PLATFORMS = "iphoneos iphonesimulator macosx xros xrsimulator";
				SWIFT_EMIT_LOC_STRINGS = NO;
				SWIFT_VERSION = 5.0;
				TARGETED_DEVICE_FAMILY = "1,2,7";
				TEST_HOST = "$(BUILT_PRODUCTS_DIR)/myAcBook.app/$(BUNDLE_EXECUTABLE_FOLDER_PATH)/myAcBook";
				XROS_DEPLOYMENT_TARGET = 2.0;
			};
			name = Debug;
		};
		83C5FFE92DBF3CF6005EB195 /* Release */ = {
			isa = XCBuildConfiguration;
			buildSettings = {
				BUNDLE_LOADER = "$(TEST_HOST)";
				CODE_SIGN_STYLE = Automatic;
				CURRENT_PROJECT_VERSION = 1;
				DEVELOPMENT_TEAM = 4587GKBB5N;
				GENERATE_INFOPLIST_FILE = YES;
				IPHONEOS_DEPLOYMENT_TARGET = 18.0;
				MACOSX_DEPLOYMENT_TARGET = 15.0;
				MARKETING_VERSION = 1.0;
				PRODUCT_BUNDLE_IDENTIFIER = com.han.myAcBookTests;
				PRODUCT_NAME = "$(TARGET_NAME)";
				SDKROOT = auto;
				SUPPORTED_PLATFORMS = "iphoneos iphonesimulator macosx xros xrsimulator";
				SWIFT_EMIT_LOC_STRINGS = NO;
				SWIFT_VERSION = 5.0;
				TARGETED_DEVICE_FAMILY = "1,2,7";
				TEST_HOST = "$(BUILT_PRODUCTS_DIR)/myAcBook.app/$(BUNDLE_EXECUTABLE_FOLDER_PATH)/myAcBook";
				XROS_DEPLOYMENT_TARGET = 2.0;
			};
			name = Release;
		};
		83C5FFEB2DBF3CF6005EB195 /* Debug */ = {
			isa = XCBuildConfiguration;
			buildSettings = {
				CODE_SIGN_STYLE = Automatic;
				CURRENT_PROJECT_VERSION = 1;
				DEVELOPMENT_TEAM = 4587GKBB5N;
				GENERATE_INFOPLIST_FILE = YES;
				IPHONEOS_DEPLOYMENT_TARGET = 18.0;
				MACOSX_DEPLOYMENT_TARGET = 15.0;
				MARKETING_VERSION = 1.0;
				PRODUCT_BUNDLE_IDENTIFIER = com.han.myAcBookUITests;
				PRODUCT_NAME = "$(TARGET_NAME)";
				SDKROOT = auto;
				SUPPORTED_PLATFORMS = "iphoneos iphonesimulator macosx xros xrsimulator";
				SWIFT_EMIT_LOC_STRINGS = NO;
				SWIFT_VERSION = 5.0;
				TARGETED_DEVICE_FAMILY = "1,2,7";
				TEST_TARGET_NAME = myAcBook;
				XROS_DEPLOYMENT_TARGET = 2.0;
			};
			name = Debug;
		};
		83C5FFEC2DBF3CF6005EB195 /* Release */ = {
			isa = XCBuildConfiguration;
			buildSettings = {
				CODE_SIGN_STYLE = Automatic;
				CURRENT_PROJECT_VERSION = 1;
				DEVELOPMENT_TEAM = 4587GKBB5N;
				GENERATE_INFOPLIST_FILE = YES;
				IPHONEOS_DEPLOYMENT_TARGET = 18.0;
				MACOSX_DEPLOYMENT_TARGET = 15.0;
				MARKETING_VERSION = 1.0;
				PRODUCT_BUNDLE_IDENTIFIER = com.han.myAcBookUITests;
				PRODUCT_NAME = "$(TARGET_NAME)";
				SDKROOT = auto;
				SUPPORTED_PLATFORMS = "iphoneos iphonesimulator macosx xros xrsimulator";
				SWIFT_EMIT_LOC_STRINGS = NO;
				SWIFT_VERSION = 5.0;
				TARGETED_DEVICE_FAMILY = "1,2,7";
				TEST_TARGET_NAME = myAcBook;
				XROS_DEPLOYMENT_TARGET = 2.0;
			};
			name = Release;
		};
/* End XCBuildConfiguration section */

/* Begin XCConfigurationList section */
		83C5FFB52DBF3CF4005EB195 /* Build configuration list for PBXProject "myAcBook" */ = {
			isa = XCConfigurationList;
			buildConfigurations = (
				83C5FFE22DBF3CF6005EB195 /* Debug */,
				83C5FFE32DBF3CF6005EB195 /* Release */,
			);
			defaultConfigurationIsVisible = 0;
			defaultConfigurationName = Release;
		};
		83C5FFE42DBF3CF6005EB195 /* Build configuration list for PBXNativeTarget "myAcBook" */ = {
			isa = XCConfigurationList;
			buildConfigurations = (
				83C5FFE52DBF3CF6005EB195 /* Debug */,
				83C5FFE62DBF3CF6005EB195 /* Release */,
			);
			defaultConfigurationIsVisible = 0;
			defaultConfigurationName = Release;
		};
		83C5FFE72DBF3CF6005EB195 /* Build configuration list for PBXNativeTarget "myAcBookTests" */ = {
			isa = XCConfigurationList;
			buildConfigurations = (
				83C5FFE82DBF3CF6005EB195 /* Debug */,
				83C5FFE92DBF3CF6005EB195 /* Release */,
			);
			defaultConfigurationIsVisible = 0;
			defaultConfigurationName = Release;
		};
		83C5FFEA2DBF3CF6005EB195 /* Build configuration list for PBXNativeTarget "myAcBookUITests" */ = {
			isa = XCConfigurationList;
			buildConfigurations = (
				83C5FFEB2DBF3CF6005EB195 /* Debug */,
				83C5FFEC2DBF3CF6005EB195 /* Release */,
			);
			defaultConfigurationIsVisible = 0;
			defaultConfigurationName = Release;
		};
/* End XCConfigurationList section */
	};
	rootObject = 83C5FFB22DBF3CF4005EB195 /* Project object */;
}
